
Microsoft Visual Studio Solution File, Format Version 12.00
# Visual Studio 15
VisualStudioVersion = 15.0.28010.2026
MinimumVisualStudioVersion = 10.0.40219.1
Project("{FAE04EC0-301F-11D3-BF4B-00C04F79EFBC}") = "FileStudents", "FileStudents\FileStudents.csproj", "{7CD096F1-2178-450E-889E-F835895E9332}"
EndProject
Global
	GlobalSection(SolutionConfigurationPlatforms) = preSolution
		Debug|Any CPU = Debug|Any CPU
		Release|Any CPU = Release|Any CPU
	EndGlobalSection
	GlobalSection(ProjectConfigurationPlatforms) = postSolution
		{7CD096F1-2178-450E-889E-F835895E9332}.Debug|Any CPU.ActiveCfg = Debug|Any CPU
		{7CD096F1-2178-450E-889E-F835895E9332}.Debug|Any CPU.Build.0 = Debug|Any CPU
		{7CD096F1-2178-450E-889E-F835895E9332}.Release|Any CPU.ActiveCfg = Release|Any CPU
		{7CD096F1-2178-450E-889E-F835895E9332}.Release|Any CPU.Build.0 = Release|Any CPU
	EndGlobalSection
	GlobalSection(SolutionProperties) = preSolution
		HideSolutionNode = FALSE
	EndGlobalSection
	GlobalSection(ExtensibilityGlobals) = postSolution
		SolutionGuid = {8F988645-DC27-46B1-929F-F4821C3798FB}
	EndGlobalSection
EndGlobal
